
Microsoft Visual Studio Solution File, Format Version 12.00
# Visual Studio Version 16
VisualStudioVersion = 16.0.31112.23
MinimumVisualStudioVersion = 10.0.40219.1
Project("{9A19103F-16F7-4668-BE54-9A1E7A4F7556}") = "PensionDisbursement", "PensionDisbursement.csproj", "{B514F00E-8F5B-4859-AD9A-177B7CB7025A}"
EndProject
Project("{9A19103F-16F7-4668-BE54-9A1E7A4F7556}") = "PensionDisburementapiNunit", "..\PensionDisburementapiNunit\PensionDisburementapiNunit.csproj", "{4140C0CD-C11B-40AB-B1FE-D7F815D471A2}"
EndProject
Global
	GlobalSection(SolutionConfigurationPlatforms) = preSolution
		Debug|Any CPU = Debug|Any CPU
		Release|Any CPU = Release|Any CPU
	EndGlobalSection
	GlobalSection(ProjectConfigurationPlatforms) = postSolution
		{B514F00E-8F5B-4859-AD9A-177B7CB7025A}.Debug|Any CPU.ActiveCfg = Debug|Any CPU
		{B514F00E-8F5B-4859-AD9A-177B7CB7025A}.Debug|Any CPU.Build.0 = Debug|Any CPU
		{B514F00E-8F5B-4859-AD9A-177B7CB7025A}.Release|Any CPU.ActiveCfg = Release|Any CPU
		{B514F00E-8F5B-4859-AD9A-177B7CB7025A}.Release|Any CPU.Build.0 = Release|Any CPU
		{4140C0CD-C11B-40AB-B1FE-D7F815D471A2}.Debug|Any CPU.ActiveCfg = Debug|Any CPU
		{4140C0CD-C11B-40AB-B1FE-D7F815D471A2}.Debug|Any CPU.Build.0 = Debug|Any CPU
		{4140C0CD-C11B-40AB-B1FE-D7F815D471A2}.Release|Any CPU.ActiveCfg = Release|Any CPU
		{4140C0CD-C11B-40AB-B1FE-D7F815D471A2}.Release|Any CPU.Build.0 = Release|Any CPU
	EndGlobalSection
	GlobalSection(SolutionProperties) = preSolution
		HideSolutionNode = FALSE
	EndGlobalSection
	GlobalSection(ExtensibilityGlobals) = postSolution
		SolutionGuid = {4E6FB40E-1B52-4D9A-8A57-44427CACCD69}
	EndGlobalSection
EndGlobal
