
Microsoft Visual Studio Solution File, Format Version 12.00
# Visual Studio Version 16
VisualStudioVersion = 16.0.31112.23
MinimumVisualStudioVersion = 10.0.40219.1
Project("{9A19103F-16F7-4668-BE54-9A1E7A4F7556}") = "PensionDisburementapiNunit", "PensionDisburementapiNunit.csproj", "{15260C56-0AD2-490D-AF97-55625AC9A5A6}"
EndProject
Global
	GlobalSection(SolutionConfigurationPlatforms) = preSolution
		Debug|Any CPU = Debug|Any CPU
		Release|Any CPU = Release|Any CPU
	EndGlobalSection
	GlobalSection(ProjectConfigurationPlatforms) = postSolution
		{15260C56-0AD2-490D-AF97-55625AC9A5A6}.Debug|Any CPU.ActiveCfg = Debug|Any CPU
		{15260C56-0AD2-490D-AF97-55625AC9A5A6}.Debug|Any CPU.Build.0 = Debug|Any CPU
		{15260C56-0AD2-490D-AF97-55625AC9A5A6}.Release|Any CPU.ActiveCfg = Release|Any CPU
		{15260C56-0AD2-490D-AF97-55625AC9A5A6}.Release|Any CPU.Build.0 = Release|Any CPU
	EndGlobalSection
	GlobalSection(SolutionProperties) = preSolution
		HideSolutionNode = FALSE
	EndGlobalSection
	GlobalSection(ExtensibilityGlobals) = postSolution
		SolutionGuid = {C8E29FBE-58E4-4C74-A0C5-BECDBBAD2A73}
	EndGlobalSection
EndGlobal
